
Microsoft Visual Studio Solution File, Format Version 12.00
# Visual Studio Version 17
VisualStudioVersion = 17.8.34525.116
MinimumVisualStudioVersion = 10.0.40219.1
Project("{FAE04EC0-301F-11D3-BF4B-00C04F79EFBC}") = "BackForoP", "BackForoP\BackForoP.csproj", "{3319EBEA-FE51-4587-8FD3-9CC24B538444}"
EndProject
Global
	GlobalSection(SolutionConfigurationPlatforms) = preSolution
		Debug|Any CPU = Debug|Any CPU
		Release|Any CPU = Release|Any CPU
	EndGlobalSection
	GlobalSection(ProjectConfigurationPlatforms) = postSolution
		{3319EBEA-FE51-4587-8FD3-9CC24B538444}.Debug|Any CPU.ActiveCfg = Debug|Any CPU
		{3319EBEA-FE51-4587-8FD3-9CC24B538444}.Debug|Any CPU.Build.0 = Debug|Any CPU
		{3319EBEA-FE51-4587-8FD3-9CC24B538444}.Release|Any CPU.ActiveCfg = Release|Any CPU
		{3319EBEA-FE51-4587-8FD3-9CC24B538444}.Release|Any CPU.Build.0 = Release|Any CPU
	EndGlobalSection
	GlobalSection(SolutionProperties) = preSolution
		HideSolutionNode = FALSE
	EndGlobalSection
	GlobalSection(ExtensibilityGlobals) = postSolution
		SolutionGuid = {EF45C273-3C7B-4B97-8F4C-DD418431666B}
	EndGlobalSection
EndGlobal
